{
  "nodes": {
    "nixpkgs": {
      "locked": {
        "lastModified": 1715731043,
        "narHash": "sha256-RiU2TsGzUQ7wpu7g+xe2sZquhLmkCxqOkNT08NJFPnI=",
        "owner": "danielfullmer",
        "repo": "nixpkgs",
        "rev": "84cf9b42e07458c856037eb4148a6eb6bb63b23e",
        "type": "github"
      },
      "original": {
        "owner": "danielfullmer",
        "ref": "cuda-cmake-workaround",
        "repo": "nixpkgs",
        "type": "github"
      }
    },
    "root": {
      "inputs": {
        "nixpkgs": "nixpkgs"
      }
    }
  },
  "root": "root",
  "version": 7
}
